
Microsoft Visual Studio Solution File, Format Version 12.00
# Visual Studio Version 17
VisualStudioVersion = 17.8.34322.80
MinimumVisualStudioVersion = 10.0.40219.1
Project("{FAE04EC0-301F-11D3-BF4B-00C04F79EFBC}") = "DanielleR-CPT-206-Lab-1", "DanielleR-CPT-206-Lab-1.csproj", "{803B4551-5DD4-4649-90AF-980A1A8E5B33}"
EndProject
Global
	GlobalSection(SolutionConfigurationPlatforms) = preSolution
		Debug|Any CPU = Debug|Any CPU
		Release|Any CPU = Release|Any CPU
	EndGlobalSection
	GlobalSection(ProjectConfigurationPlatforms) = postSolution
		{803B4551-5DD4-4649-90AF-980A1A8E5B33}.Debug|Any CPU.ActiveCfg = Debug|Any CPU
		{803B4551-5DD4-4649-90AF-980A1A8E5B33}.Debug|Any CPU.Build.0 = Debug|Any CPU
		{803B4551-5DD4-4649-90AF-980A1A8E5B33}.Release|Any CPU.ActiveCfg = Release|Any CPU
		{803B4551-5DD4-4649-90AF-980A1A8E5B33}.Release|Any CPU.Build.0 = Release|Any CPU
	EndGlobalSection
	GlobalSection(SolutionProperties) = preSolution
		HideSolutionNode = FALSE
	EndGlobalSection
	GlobalSection(ExtensibilityGlobals) = postSolution
		SolutionGuid = {6C3525D0-564E-4B8F-A89E-A06A62063054}
	EndGlobalSection
EndGlobal
